
Microsoft Visual Studio Solution File, Format Version 12.00
# Visual Studio Version 17
VisualStudioVersion = 17.2.32616.157
MinimumVisualStudioVersion = 10.0.40219.1
Project("{2150E333-8FDC-42A3-9474-1A3956D46DE8}") = "1 - Presentation", "1 - Presentation", "{79A2AC0F-8FBB-4F3F-99DB-A0BC4B4D69F4}"
EndProject
Project("{FAE04EC0-301F-11D3-BF4B-00C04F79EFBC}") = "ProEventos.API", "ProEventos.API\ProEventos.API.csproj", "{48172D6B-90BC-46FC-B7D1-B036F1EB740D}"
EndProject
Global
	GlobalSection(SolutionConfigurationPlatforms) = preSolution
		Debug|Any CPU = Debug|Any CPU
		Release|Any CPU = Release|Any CPU
	EndGlobalSection
	GlobalSection(ProjectConfigurationPlatforms) = postSolution
		{48172D6B-90BC-46FC-B7D1-B036F1EB740D}.Debug|Any CPU.ActiveCfg = Debug|Any CPU
		{48172D6B-90BC-46FC-B7D1-B036F1EB740D}.Debug|Any CPU.Build.0 = Debug|Any CPU
		{48172D6B-90BC-46FC-B7D1-B036F1EB740D}.Release|Any CPU.ActiveCfg = Release|Any CPU
		{48172D6B-90BC-46FC-B7D1-B036F1EB740D}.Release|Any CPU.Build.0 = Release|Any CPU
	EndGlobalSection
	GlobalSection(SolutionProperties) = preSolution
		HideSolutionNode = FALSE
	EndGlobalSection
	GlobalSection(NestedProjects) = preSolution
		{48172D6B-90BC-46FC-B7D1-B036F1EB740D} = {79A2AC0F-8FBB-4F3F-99DB-A0BC4B4D69F4}
	EndGlobalSection
	GlobalSection(ExtensibilityGlobals) = postSolution
		SolutionGuid = {EE162CDA-A41E-4620-9793-42AA3E5746DE}
	EndGlobalSection
EndGlobal
